
Microsoft Visual Studio Solution File, Format Version 12.00
# Visual Studio Version 17
VisualStudioVersion = 17.5.002.0
MinimumVisualStudioVersion = 10.0.40219.1
Project("{9A19103F-16F7-4668-BE54-9A1E7A4F7556}") = "DesafioFundamentos", "DesafioFundamentos.csproj", "{602B94FE-D377-4D5D-B2B4-A9998173FF22}"
EndProject
Global
	GlobalSection(SolutionConfigurationPlatforms) = preSolution
		Debug|Any CPU = Debug|Any CPU
		Release|Any CPU = Release|Any CPU
	EndGlobalSection
	GlobalSection(ProjectConfigurationPlatforms) = postSolution
		{602B94FE-D377-4D5D-B2B4-A9998173FF22}.Debug|Any CPU.ActiveCfg = Debug|Any CPU
		{602B94FE-D377-4D5D-B2B4-A9998173FF22}.Debug|Any CPU.Build.0 = Debug|Any CPU
		{602B94FE-D377-4D5D-B2B4-A9998173FF22}.Release|Any CPU.ActiveCfg = Release|Any CPU
		{602B94FE-D377-4D5D-B2B4-A9998173FF22}.Release|Any CPU.Build.0 = Release|Any CPU
	EndGlobalSection
	GlobalSection(SolutionProperties) = preSolution
		HideSolutionNode = FALSE
	EndGlobalSection
	GlobalSection(ExtensibilityGlobals) = postSolution
		SolutionGuid = {7DC9385D-8691-406E-B0F4-B8AA8EAEE771}
	EndGlobalSection
EndGlobal
